
Microsoft Visual Studio Solution File, Format Version 12.00
# Visual Studio Version 17
VisualStudioVersion = 17.3.32825.248
MinimumVisualStudioVersion = 10.0.40219.1
Project("{FAE04EC0-301F-11D3-BF4B-00C04F79EFBC}") = "AdventOfCode2022.5", "AdventOfCode2022.5\AdventOfCode2022.5.csproj", "{9ABD4D6F-EC44-4F16-8E1D-B5986E91DBAA}"
EndProject
Global
	GlobalSection(SolutionConfigurationPlatforms) = preSolution
		Debug|Any CPU = Debug|Any CPU
		Release|Any CPU = Release|Any CPU
	EndGlobalSection
	GlobalSection(ProjectConfigurationPlatforms) = postSolution
		{9ABD4D6F-EC44-4F16-8E1D-B5986E91DBAA}.Debug|Any CPU.ActiveCfg = Debug|Any CPU
		{9ABD4D6F-EC44-4F16-8E1D-B5986E91DBAA}.Debug|Any CPU.Build.0 = Debug|Any CPU
		{9ABD4D6F-EC44-4F16-8E1D-B5986E91DBAA}.Release|Any CPU.ActiveCfg = Release|Any CPU
		{9ABD4D6F-EC44-4F16-8E1D-B5986E91DBAA}.Release|Any CPU.Build.0 = Release|Any CPU
	EndGlobalSection
	GlobalSection(SolutionProperties) = preSolution
		HideSolutionNode = FALSE
	EndGlobalSection
	GlobalSection(ExtensibilityGlobals) = postSolution
		SolutionGuid = {0994EA61-3B0D-49A4-8D1B-2976891F2ED1}
	EndGlobalSection
EndGlobal
