
Microsoft Visual Studio Solution File, Format Version 12.00
# Visual Studio Version 17
VisualStudioVersion = 17.3.32901.215
MinimumVisualStudioVersion = 10.0.40219.1
Project("{FAE04EC0-301F-11D3-BF4B-00C04F79EFBC}") = "AdventOfCode2022.6", "AdventOfCode2022.6\AdventOfCode2022.6.csproj", "{5C54C2BF-7381-4137-ADBD-BC48A94BF754}"
EndProject
Global
	GlobalSection(SolutionConfigurationPlatforms) = preSolution
		Debug|Any CPU = Debug|Any CPU
		Release|Any CPU = Release|Any CPU
	EndGlobalSection
	GlobalSection(ProjectConfigurationPlatforms) = postSolution
		{5C54C2BF-7381-4137-ADBD-BC48A94BF754}.Debug|Any CPU.ActiveCfg = Debug|Any CPU
		{5C54C2BF-7381-4137-ADBD-BC48A94BF754}.Debug|Any CPU.Build.0 = Debug|Any CPU
		{5C54C2BF-7381-4137-ADBD-BC48A94BF754}.Release|Any CPU.ActiveCfg = Release|Any CPU
		{5C54C2BF-7381-4137-ADBD-BC48A94BF754}.Release|Any CPU.Build.0 = Release|Any CPU
	EndGlobalSection
	GlobalSection(SolutionProperties) = preSolution
		HideSolutionNode = FALSE
	EndGlobalSection
	GlobalSection(ExtensibilityGlobals) = postSolution
		SolutionGuid = {EE7E0FD0-ACE5-4303-8D4C-20BB55995B33}
	EndGlobalSection
EndGlobal
