
Microsoft Visual Studio Solution File, Format Version 12.00
# Visual Studio Version 17
VisualStudioVersion = 17.3.32901.215
MinimumVisualStudioVersion = 10.0.40219.1
Project("{FAE04EC0-301F-11D3-BF4B-00C04F79EFBC}") = "AdventOfCode2022.8", "AdventOfCode2022.8\AdventOfCode2022.8.csproj", "{ABE73A6C-5F70-4906-9274-F5A164E60AFF}"
EndProject
Global
	GlobalSection(SolutionConfigurationPlatforms) = preSolution
		Debug|Any CPU = Debug|Any CPU
		Release|Any CPU = Release|Any CPU
	EndGlobalSection
	GlobalSection(ProjectConfigurationPlatforms) = postSolution
		{ABE73A6C-5F70-4906-9274-F5A164E60AFF}.Debug|Any CPU.ActiveCfg = Debug|Any CPU
		{ABE73A6C-5F70-4906-9274-F5A164E60AFF}.Debug|Any CPU.Build.0 = Debug|Any CPU
		{ABE73A6C-5F70-4906-9274-F5A164E60AFF}.Release|Any CPU.ActiveCfg = Release|Any CPU
		{ABE73A6C-5F70-4906-9274-F5A164E60AFF}.Release|Any CPU.Build.0 = Release|Any CPU
	EndGlobalSection
	GlobalSection(SolutionProperties) = preSolution
		HideSolutionNode = FALSE
	EndGlobalSection
	GlobalSection(ExtensibilityGlobals) = postSolution
		SolutionGuid = {09D6C9C3-A996-4AAD-8865-FA1C5DE22F1F}
	EndGlobalSection
EndGlobal
