
Microsoft Visual Studio Solution File, Format Version 12.00
# Visual Studio Version 17
VisualStudioVersion = 17.3.32825.248
MinimumVisualStudioVersion = 10.0.40219.1
Project("{FAE04EC0-301F-11D3-BF4B-00C04F79EFBC}") = "AdventOfCode2022.3", "AdventOfCode2022.3\AdventOfCode2022.3.csproj", "{4011C231-8FB1-428A-A7D7-308A5B763065}"
EndProject
Global
	GlobalSection(SolutionConfigurationPlatforms) = preSolution
		Debug|Any CPU = Debug|Any CPU
		Release|Any CPU = Release|Any CPU
	EndGlobalSection
	GlobalSection(ProjectConfigurationPlatforms) = postSolution
		{4011C231-8FB1-428A-A7D7-308A5B763065}.Debug|Any CPU.ActiveCfg = Debug|Any CPU
		{4011C231-8FB1-428A-A7D7-308A5B763065}.Debug|Any CPU.Build.0 = Debug|Any CPU
		{4011C231-8FB1-428A-A7D7-308A5B763065}.Release|Any CPU.ActiveCfg = Release|Any CPU
		{4011C231-8FB1-428A-A7D7-308A5B763065}.Release|Any CPU.Build.0 = Release|Any CPU
	EndGlobalSection
	GlobalSection(SolutionProperties) = preSolution
		HideSolutionNode = FALSE
	EndGlobalSection
	GlobalSection(ExtensibilityGlobals) = postSolution
		SolutionGuid = {E7016271-138E-4595-884B-181B3ACC96D3}
	EndGlobalSection
EndGlobal
