
Microsoft Visual Studio Solution File, Format Version 12.00
# Visual Studio Version 17
VisualStudioVersion = 17.3.32901.215
MinimumVisualStudioVersion = 10.0.40219.1
Project("{FAE04EC0-301F-11D3-BF4B-00C04F79EFBC}") = "AdventOfCode2022.11", "AdventOfCode2022.11\AdventOfCode2022.11.csproj", "{4E51BADE-7EBC-4A0A-8802-81C5AE3458C7}"
EndProject
Global
	GlobalSection(SolutionConfigurationPlatforms) = preSolution
		Debug|Any CPU = Debug|Any CPU
		Release|Any CPU = Release|Any CPU
	EndGlobalSection
	GlobalSection(ProjectConfigurationPlatforms) = postSolution
		{4E51BADE-7EBC-4A0A-8802-81C5AE3458C7}.Debug|Any CPU.ActiveCfg = Debug|Any CPU
		{4E51BADE-7EBC-4A0A-8802-81C5AE3458C7}.Debug|Any CPU.Build.0 = Debug|Any CPU
		{4E51BADE-7EBC-4A0A-8802-81C5AE3458C7}.Release|Any CPU.ActiveCfg = Release|Any CPU
		{4E51BADE-7EBC-4A0A-8802-81C5AE3458C7}.Release|Any CPU.Build.0 = Release|Any CPU
	EndGlobalSection
	GlobalSection(SolutionProperties) = preSolution
		HideSolutionNode = FALSE
	EndGlobalSection
	GlobalSection(ExtensibilityGlobals) = postSolution
		SolutionGuid = {558AB35D-8E9F-4444-91BD-967491AF20BA}
	EndGlobalSection
EndGlobal
